
Microsoft Visual Studio Solution File, Format Version 12.00
# Visual Studio Version 17
VisualStudioVersion = 17.3.32929.385
MinimumVisualStudioVersion = 10.0.40219.1
Project("{9A19103F-16F7-4668-BE54-9A1E7A4F7556}") = "Volintiru_Maria_Lab2", "Volintiru_Maria_Lab2.csproj", "{7F1BF1C4-C45C-4AEF-AAAF-8026099CD023}"
EndProject
Project("{9A19103F-16F7-4668-BE54-9A1E7A4F7556}") = "LibraryModel", "..\LibraryModel\LibraryModel.csproj", "{9EC68087-64BE-4BEF-BC61-E300EFEA4411}"
EndProject
Project("{9A19103F-16F7-4668-BE54-9A1E7A4F7556}") = "LibraryWebAPI", "..\LibraryWebAPI\LibraryWebAPI.csproj", "{97EB501A-3DC2-4A10-B834-F9DB677E1BA8}"
EndProject
Global
	GlobalSection(SolutionConfigurationPlatforms) = preSolution
		Debug|Any CPU = Debug|Any CPU
		Release|Any CPU = Release|Any CPU
	EndGlobalSection
	GlobalSection(ProjectConfigurationPlatforms) = postSolution
		{7F1BF1C4-C45C-4AEF-AAAF-8026099CD023}.Debug|Any CPU.ActiveCfg = Debug|Any CPU
		{7F1BF1C4-C45C-4AEF-AAAF-8026099CD023}.Debug|Any CPU.Build.0 = Debug|Any CPU
		{7F1BF1C4-C45C-4AEF-AAAF-8026099CD023}.Release|Any CPU.ActiveCfg = Release|Any CPU
		{7F1BF1C4-C45C-4AEF-AAAF-8026099CD023}.Release|Any CPU.Build.0 = Release|Any CPU
		{9EC68087-64BE-4BEF-BC61-E300EFEA4411}.Debug|Any CPU.ActiveCfg = Debug|Any CPU
		{9EC68087-64BE-4BEF-BC61-E300EFEA4411}.Debug|Any CPU.Build.0 = Debug|Any CPU
		{9EC68087-64BE-4BEF-BC61-E300EFEA4411}.Release|Any CPU.ActiveCfg = Release|Any CPU
		{9EC68087-64BE-4BEF-BC61-E300EFEA4411}.Release|Any CPU.Build.0 = Release|Any CPU
		{97EB501A-3DC2-4A10-B834-F9DB677E1BA8}.Debug|Any CPU.ActiveCfg = Debug|Any CPU
		{97EB501A-3DC2-4A10-B834-F9DB677E1BA8}.Debug|Any CPU.Build.0 = Debug|Any CPU
		{97EB501A-3DC2-4A10-B834-F9DB677E1BA8}.Release|Any CPU.ActiveCfg = Release|Any CPU
		{97EB501A-3DC2-4A10-B834-F9DB677E1BA8}.Release|Any CPU.Build.0 = Release|Any CPU
	EndGlobalSection
	GlobalSection(SolutionProperties) = preSolution
		HideSolutionNode = FALSE
	EndGlobalSection
	GlobalSection(ExtensibilityGlobals) = postSolution
		SolutionGuid = {DE788173-CB26-4602-9155-E4EF20BD7991}
	EndGlobalSection
EndGlobal
